# This file is autogenerated, do not edit; changes may be undone by the next 'dep ensure'.


[[projects]]
  name = "github.com/golang/protobuf"
  packages = [
    "proto",
    "ptypes",
    "ptypes/any",
    "ptypes/duration",
    "ptypes/timestamp"
  ]
  revision = "925541529c1fa6821df4e44ce2723319eb2be768"
  version = "v1.0.0"

[[projects]]
  name = "github.com/improbable-eng/grpc-web"
  packages = ["go/grpcweb"]
  revision = "9cca7d4530683dc49fc10cf627309ce4be119af5"
  version = "0.5.0"

[[projects]]
  name = "github.com/johanbrandhorst/protobuf"
  packages = [
    "grpcweb",
    "grpcweb/grpcwebjs",
    "grpcweb/status",
    "jspb"
  ]
  revision = "13864234c1633f98c43de4faf32083209cc511d7"
  version = "v0.6.0"

[[projects]]
  name = "github.com/rs/cors"
  packages = ["."]
  revision = "feef513b9575b32f84bafa580aad89b011259019"
  version = "v1.3.0"

[[projects]]
  branch = "master"
  name = "github.com/zserge/webview"
  packages = ["."]
  revision = "02aa1dcf62a15f2c1e2197a07642e9c474ac32fa"

[[projects]]
  branch = "master"
  name = "golang.org/x/image"
  packages = [
    "font/gofont/gobold",
    "font/gofont/gobolditalic",
    "font/gofont/goitalic",
    "font/gofont/gomedium",
    "font/gofont/gomediumitalic",
    "font/gofont/gomono",
    "font/gofont/gomonobold",
    "font/gofont/gomonobolditalic",
    "font/gofont/gomonoitalic",
    "font/gofont/goregular"
  ]
  revision = "f315e440302883054d0c2bd85486878cb4f8572c"

[[projects]]
  branch = "master"
  name = "golang.org/x/net"
  packages = [
    "context",
    "http2",
    "http2/hpack",
    "idna",
    "internal/timeseries",
    "lex/httplex",
    "trace"
  ]
  revision = "61147c48b25b599e5b561d2e9c4f3e1ef489ca41"

[[projects]]
  name = "golang.org/x/text"
  packages = [
    "collate",
    "collate/build",
    "internal/colltab",
    "internal/gen",
    "internal/tag",
    "internal/triegen",
    "internal/ucd",
    "language",
    "secure/bidirule",
    "transform",
    "unicode/bidi",
    "unicode/cldr",
    "unicode/norm",
    "unicode/rangetable"
  ]
  revision = "f21a4dfb5e38f5895301dc265a8def02365cc3d0"
  version = "v0.3.0"

[[projects]]
  branch = "master"
  name = "google.golang.org/genproto"
  packages = ["googleapis/rpc/status"]
  revision = "51d0944304c3cbce4afe9e5247e21100037bff78"

[[projects]]
  name = "google.golang.org/grpc"
  packages = [
    ".",
    "balancer",
    "balancer/base",
    "balancer/roundrobin",
    "codes",
    "connectivity",
    "credentials",
    "encoding",
    "encoding/proto",
    "grpclb/grpc_lb_v1/messages",
    "grpclog",
    "internal",
    "keepalive",
    "metadata",
    "naming",
    "peer",
    "resolver",
    "resolver/dns",
    "resolver/passthrough",
    "stats",
    "status",
    "tap",
    "transport"
  ]
  revision = "d11072e7ca9811b1100b80ca0269ac831f06d024"
  version = "v1.11.3"

[solve-meta]
  analyzer-name = "dep"
  analyzer-version = 1
  inputs-digest = "2c8799036ebdced8a9795a21148c34b7d82375513a280dbec7723d38a91ea8b4"
  solver-name = "gps-cdcl"
  solver-version = 1
