# This file is autogenerated, do not edit; changes may be undone by the next 'dep ensure'.


[[projects]]
  name = "github.com/golang/protobuf"
  packages = [
    "proto",
    "ptypes",
    "ptypes/any",
    "ptypes/duration",
    "ptypes/timestamp"
  ]
  revision = "925541529c1fa6821df4e44ce2723319eb2be768"
  version = "v1.0.0"

[[projects]]
  branch = "master"
  name = "github.com/gopherjs/websocket"
  packages = ["websocketjs"]
  revision = "87ee47603f137e7f8419765b3621b3c36e715a08"

[[projects]]
  name = "github.com/improbable-eng/grpc-web"
  packages = ["go/grpcweb"]
  revision = "9cca7d4530683dc49fc10cf627309ce4be119af5"
  version = "0.5.0"

[[projects]]
  name = "github.com/johanbrandhorst/protobuf"
  packages = [
    "grpcweb",
    "grpcweb/grpcwebjs",
    "grpcweb/metadata",
    "grpcweb/status",
    "internal",
    "jspb"
  ]
  revision = "16ac2b41dc72a3179b1f7196da31f6f2c19f87db"
  version = "v0.5.4"

[[projects]]
  name = "github.com/rs/cors"
  packages = ["."]
  revision = "7af7a1e09ba336d2ea14b1ce73bf693c6837dbf6"
  version = "v1.2"

[[projects]]
  branch = "master"
  name = "golang.org/x/image"
  packages = [
    "font/gofont/gobold",
    "font/gofont/gobolditalic",
    "font/gofont/goitalic",
    "font/gofont/gomedium",
    "font/gofont/gomediumitalic",
    "font/gofont/gomono",
    "font/gofont/gomonobold",
    "font/gofont/gomonobolditalic",
    "font/gofont/gomonoitalic",
    "font/gofont/goregular"
  ]
  revision = "12117c17ca67ffa1ce22e9409f3b0b0a93ac08c7"

[[projects]]
  branch = "master"
  name = "golang.org/x/net"
  packages = [
    "context",
    "http2",
    "http2/hpack",
    "idna",
    "internal/timeseries",
    "lex/httplex",
    "trace"
  ]
  revision = "f5dfe339be1d06f81b22525fe34671ee7d2c8904"

[[projects]]
  branch = "master"
  name = "golang.org/x/text"
  packages = [
    "collate",
    "collate/build",
    "internal/colltab",
    "internal/gen",
    "internal/tag",
    "internal/triegen",
    "internal/ucd",
    "language",
    "secure/bidirule",
    "transform",
    "unicode/bidi",
    "unicode/cldr",
    "unicode/norm",
    "unicode/rangetable"
  ]
  revision = "4e4a3210bb54bb31f6ab2cdca2edcc0b50c420c1"

[[projects]]
  branch = "master"
  name = "google.golang.org/genproto"
  packages = ["googleapis/rpc/status"]
  revision = "2b5a72b8730b0b16380010cfe5286c42108d88e7"

[[projects]]
  name = "google.golang.org/grpc"
  packages = [
    ".",
    "balancer",
    "balancer/base",
    "balancer/roundrobin",
    "codes",
    "connectivity",
    "credentials",
    "encoding",
    "grpclb/grpc_lb_v1/messages",
    "grpclog",
    "internal",
    "keepalive",
    "metadata",
    "naming",
    "peer",
    "resolver",
    "resolver/dns",
    "resolver/passthrough",
    "stats",
    "status",
    "tap",
    "transport"
  ]
  revision = "6b51017f791ae1cfbec89c52efdf444b13b550ef"
  version = "v1.9.2"

[solve-meta]
  analyzer-name = "dep"
  analyzer-version = 1
  inputs-digest = "c6c91f9175e2585e0f5c2319a9f5fc3c53d1bcc1aabae796cc1d71c0af5692f8"
  solver-name = "gps-cdcl"
  solver-version = 1
